
Microsoft Visual Studio Solution File, Format Version 12.00
# Visual Studio 15
VisualStudioVersion = 15.0.26124.0
MinimumVisualStudioVersion = 15.0.26124.0
Project("{FAE04EC0-301F-11D3-BF4B-00C04F79EFBC}") = "ProAgil.WebAPI", "ProMulticel.WebAPI\ProAgil.WebAPI.csproj", "{302DB216-674D-4C40-B7BC-8D0FA1A403D0}"
EndProject
Project("{FAE04EC0-301F-11D3-BF4B-00C04F79EFBC}") = "ProMulticel.Repository", "ProMulticel.Repository\ProMulticel.Repository.csproj", "{AD3CFD9D-C8AB-4F1E-A544-20A950FECBA0}"
EndProject
Project("{FAE04EC0-301F-11D3-BF4B-00C04F79EFBC}") = "ProMulticel.Domain", "ProMulticel.Domain\ProMulticel.Domain.csproj", "{B91F0754-11EF-4DC8-8972-5724C19D29AB}"
EndProject
Global
	GlobalSection(SolutionConfigurationPlatforms) = preSolution
		Debug|Any CPU = Debug|Any CPU
		Debug|x64 = Debug|x64
		Debug|x86 = Debug|x86
		Release|Any CPU = Release|Any CPU
		Release|x64 = Release|x64
		Release|x86 = Release|x86
	EndGlobalSection
	GlobalSection(SolutionProperties) = preSolution
		HideSolutionNode = FALSE
	EndGlobalSection
	GlobalSection(ProjectConfigurationPlatforms) = postSolution
		{302DB216-674D-4C40-B7BC-8D0FA1A403D0}.Debug|Any CPU.ActiveCfg = Debug|Any CPU
		{302DB216-674D-4C40-B7BC-8D0FA1A403D0}.Debug|Any CPU.Build.0 = Debug|Any CPU
		{302DB216-674D-4C40-B7BC-8D0FA1A403D0}.Debug|x64.ActiveCfg = Debug|Any CPU
		{302DB216-674D-4C40-B7BC-8D0FA1A403D0}.Debug|x64.Build.0 = Debug|Any CPU
		{302DB216-674D-4C40-B7BC-8D0FA1A403D0}.Debug|x86.ActiveCfg = Debug|Any CPU
		{302DB216-674D-4C40-B7BC-8D0FA1A403D0}.Debug|x86.Build.0 = Debug|Any CPU
		{302DB216-674D-4C40-B7BC-8D0FA1A403D0}.Release|Any CPU.ActiveCfg = Release|Any CPU
		{302DB216-674D-4C40-B7BC-8D0FA1A403D0}.Release|Any CPU.Build.0 = Release|Any CPU
		{302DB216-674D-4C40-B7BC-8D0FA1A403D0}.Release|x64.ActiveCfg = Release|Any CPU
		{302DB216-674D-4C40-B7BC-8D0FA1A403D0}.Release|x64.Build.0 = Release|Any CPU
		{302DB216-674D-4C40-B7BC-8D0FA1A403D0}.Release|x86.ActiveCfg = Release|Any CPU
		{302DB216-674D-4C40-B7BC-8D0FA1A403D0}.Release|x86.Build.0 = Release|Any CPU
		{AD3CFD9D-C8AB-4F1E-A544-20A950FECBA0}.Debug|Any CPU.ActiveCfg = Debug|Any CPU
		{AD3CFD9D-C8AB-4F1E-A544-20A950FECBA0}.Debug|Any CPU.Build.0 = Debug|Any CPU
		{AD3CFD9D-C8AB-4F1E-A544-20A950FECBA0}.Debug|x64.ActiveCfg = Debug|Any CPU
		{AD3CFD9D-C8AB-4F1E-A544-20A950FECBA0}.Debug|x64.Build.0 = Debug|Any CPU
		{AD3CFD9D-C8AB-4F1E-A544-20A950FECBA0}.Debug|x86.ActiveCfg = Debug|Any CPU
		{AD3CFD9D-C8AB-4F1E-A544-20A950FECBA0}.Debug|x86.Build.0 = Debug|Any CPU
		{AD3CFD9D-C8AB-4F1E-A544-20A950FECBA0}.Release|Any CPU.ActiveCfg = Release|Any CPU
		{AD3CFD9D-C8AB-4F1E-A544-20A950FECBA0}.Release|Any CPU.Build.0 = Release|Any CPU
		{AD3CFD9D-C8AB-4F1E-A544-20A950FECBA0}.Release|x64.ActiveCfg = Release|Any CPU
		{AD3CFD9D-C8AB-4F1E-A544-20A950FECBA0}.Release|x64.Build.0 = Release|Any CPU
		{AD3CFD9D-C8AB-4F1E-A544-20A950FECBA0}.Release|x86.ActiveCfg = Release|Any CPU
		{AD3CFD9D-C8AB-4F1E-A544-20A950FECBA0}.Release|x86.Build.0 = Release|Any CPU
		{B91F0754-11EF-4DC8-8972-5724C19D29AB}.Debug|Any CPU.ActiveCfg = Debug|Any CPU
		{B91F0754-11EF-4DC8-8972-5724C19D29AB}.Debug|Any CPU.Build.0 = Debug|Any CPU
		{B91F0754-11EF-4DC8-8972-5724C19D29AB}.Debug|x64.ActiveCfg = Debug|Any CPU
		{B91F0754-11EF-4DC8-8972-5724C19D29AB}.Debug|x64.Build.0 = Debug|Any CPU
		{B91F0754-11EF-4DC8-8972-5724C19D29AB}.Debug|x86.ActiveCfg = Debug|Any CPU
		{B91F0754-11EF-4DC8-8972-5724C19D29AB}.Debug|x86.Build.0 = Debug|Any CPU
		{B91F0754-11EF-4DC8-8972-5724C19D29AB}.Release|Any CPU.ActiveCfg = Release|Any CPU
		{B91F0754-11EF-4DC8-8972-5724C19D29AB}.Release|Any CPU.Build.0 = Release|Any CPU
		{B91F0754-11EF-4DC8-8972-5724C19D29AB}.Release|x64.ActiveCfg = Release|Any CPU
		{B91F0754-11EF-4DC8-8972-5724C19D29AB}.Release|x64.Build.0 = Release|Any CPU
		{B91F0754-11EF-4DC8-8972-5724C19D29AB}.Release|x86.ActiveCfg = Release|Any CPU
		{B91F0754-11EF-4DC8-8972-5724C19D29AB}.Release|x86.Build.0 = Release|Any CPU
	EndGlobalSection
EndGlobal
